{
  "name": "AngularV",
  "version": "1.0.0",
  "lockfileVersion": 1,
  "requires": true,
  "dependencies": {
    "@angular/compiler": {
      "version": "8.2.6",
      "resolved": "https://registry.npmjs.org/@angular/compiler/-/compiler-8.2.6.tgz",
      "integrity": "sha512-NdTY2n0XNRmKixbKDWB++9tEDLFwN0/Bp/1lXJ4qF/8V5Wju6IJ/UZZKjR5C4uiKtF17T3GzubhXgghumt5UVA==",
      "requires": {
        "tslib": "^1.9.0"
      }
    },
    "@angular/core": {
      "version": "10.2.5",
      "resolved": "https://registry.npmjs.org/@angular/core/-/core-10.2.5.tgz",
      "integrity": "sha512-krhOKNTj5XE92Rk9ASX5KmgTF72j7qT2PLVxrGEVjuUKjBY2XaK3TV0Kotq9zI3qa9WgeCrP/Njn6jlKQCCAEQ==",
      "requires": {
        "tslib": "^2.0.0"
      },
      "dependencies": {
        "tslib": {
          "version": "2.6.2",
          "resolved": "https://registry.npmjs.org/tslib/-/tslib-2.6.2.tgz",
          "integrity": "sha512-AEYxH93jGFPn/a2iVAwW87VuUIkR1FVUKB77NwMF7nBTDkDrrT/Hpt/IrCJ0QXhW27jTBDcf5ZY7w6RiqTMw2Q=="
        }
      }
    },
    "@angular/forms": {
      "version": "8.2.6",
      "resolved": "https://registry.npmjs.org/@angular/forms/-/forms-8.2.6.tgz",
      "integrity": "sha512-sYUspJYJGq0OaBuxgdUXPf0TwYyED9OVWNCl9jDJCW//2NAbrZG8BSujvV54Dtg2emY1Uc7EFyQ8Wc8yxS7KSg==",
      "requires": {
        "tslib": "^1.9.0"
      }
    },
    "@angular/platform-browser": {
      "version": "8.2.6",
      "resolved": "https://registry.npmjs.org/@angular/platform-browser/-/platform-browser-8.2.6.tgz",
      "integrity": "sha512-wUgcdTXItforNA+6qykPL9SDmV1uSIUQcEZrm3YCoVt7CuwMav3dq9Lg1zZ7HKv0A8It0fAKpXBkamzpRxvZEw==",
      "requires": {
        "tslib": "^1.9.0"
      }
    },
    "@angular/platform-browser-dynamic": {
      "version": "8.2.6",
      "resolved": "https://registry.npmjs.org/@angular/platform-browser-dynamic/-/platform-browser-dynamic-8.2.6.tgz",
      "integrity": "sha512-4azHzNBYYeyzIsktN2P+d0stCisOvYfxU7U0oD+FaGalxg2Ch1mGjnZA+5UcmbMZOOXo4TMcKmzpB6VcLGe+Hw==",
      "requires": {
        "tslib": "^1.9.0"
      }
    },
    "@angular/router": {
      "version": "8.2.6",
      "resolved": "https://registry.npmjs.org/@angular/router/-/router-8.2.6.tgz",
      "integrity": "sha512-XAqhrPbU+z/ztf2b0VxFytHPJRpWfhnhCJ2qf9Tie1Cov6zOlgIKInOSF+WtsFEUZAnwSbAfGk4KSXrwBWw8zA==",
      "requires": {
        "tslib": "^1.9.0"
      }
    },
    "core-js": {
      "version": "3.2.1",
      "resolved": "https://registry.npmjs.org/core-js/-/core-js-3.2.1.tgz",
      "integrity": "sha512-Qa5XSVefSVPRxy2XfUC13WbvqkxhkwB3ve+pgCQveNgYzbM/UxZeu1dcOX/xr4UmfUd+muuvsaxilQzCyUurMw=="
    },
    "rxjs": {
      "version": "6.5.3",
      "resolved": "https://registry.npmjs.org/rxjs/-/rxjs-6.5.3.tgz",
      "integrity": "sha512-wuYsAYYFdWTAnAaPoKGNhfpWwKZbJW+HgAJ+mImp+Epl7BG8oNWBCTyRM8gba9k4lk8BgWdoYm21Mo/RYhhbgA==",
      "requires": {
        "tslib": "^1.9.0"
      }
    },
    "tslib": {
      "version": "1.10.0",
      "resolved": "https://registry.npmjs.org/tslib/-/tslib-1.10.0.tgz",
      "integrity": "sha512-qOebF53frne81cf0S9B41ByenJ3/IuH8yJKngAX35CmiZySA0khhkovshKK+jGCaMnVomla7gVlIcc3EvKPbTQ=="
    },
    "zone.js": {
      "version": "0.10.2",
      "resolved": "https://registry.npmjs.org/zone.js/-/zone.js-0.10.2.tgz",
      "integrity": "sha512-UAYfiuvxLN4oyuqhJwd21Uxb4CNawrq6fPS/05Su5L4G+1TN+HVDJMUHNMobVQDFJRir2cLAODXwluaOKB7HFg=="
    }
  }
}
